Microsoft Visual Studio Solution File, Format Version 12.00
# Visual Studio Version 17
VisualStudioVersion = 17.5.2.0
MinimumVisualStudioVersion = 10.0.40219.1
Project("{FAE04EC0-301F-11D3-BF4B-00C04F79EFBC}") = "testDLL", "testDLL.csproj", "{C34BEB94-E2B1-6EB7-5773-AE5144FF7282}"
EndProject
Global
	GlobalSection(SolutionConfigurationPlatforms) = preSolution
		Debug|Any CPU = Debug|Any CPU
		Release|Any CPU = Release|Any CPU
	EndGlobalSection
	GlobalSection(ProjectConfigurationPlatforms) = postSolution
		{C34BEB94-E2B1-6EB7-5773-AE5144FF7282}.Debug|Any CPU.ActiveCfg = Debug|Any CPU
		{C34BEB94-E2B1-6EB7-5773-AE5144FF7282}.Debug|Any CPU.Build.0 = Debug|Any CPU
		{C34BEB94-E2B1-6EB7-5773-AE5144FF7282}.Release|Any CPU.ActiveCfg = Release|Any CPU
		{C34BEB94-E2B1-6EB7-5773-AE5144FF7282}.Release|Any CPU.Build.0 = Release|Any CPU
	EndGlobalSection
	GlobalSection(SolutionProperties) = preSolution
		HideSolutionNode = FALSE
	EndGlobalSection
	GlobalSection(ExtensibilityGlobals) = postSolution
		SolutionGuid = {CBFB1463-BD7C-4AEA-9A5B-CD668485F778}
	EndGlobalSection
EndGlobal
